
Microsoft Visual Studio Solution File, Format Version 12.00
# Visual Studio Version 17
VisualStudioVersion = 17.10.35004.147
MinimumVisualStudioVersion = 10.0.40219.1
Project("{9A19103F-16F7-4668-BE54-9A1E7A4F7556}") = "ProductService", "ProductService\ProductService.csproj", "{C0EECB55-4C20-484D-AB91-9287F72CFE4D}"
EndProject
Project("{9A19103F-16F7-4668-BE54-9A1E7A4F7556}") = "OrderService", "OrderService\OrderService.csproj", "{86BC438F-DF41-44B7-A783-27A50F29751A}"
EndProject
Project("{9A19103F-16F7-4668-BE54-9A1E7A4F7556}") = "ApiGateway", "ApiGateway\ApiGateway.csproj", "{5E020B28-54AB-42D3-BBBD-FED73186619A}"
EndProject
Project("{9A19103F-16F7-4668-BE54-9A1E7A4F7556}") = "Shared.Messages", "Shared.Messages\Shared.Messages.csproj", "{2C3CE3A1-9C67-4CDF-8EBE-50F213718E56}"
EndProject
Project("{FAE04EC0-301F-11D3-BF4B-00C04F79EFBC}") = "UserService", "UserService\UserService.csproj", "{5F57F5F9-C2DE-4366-9645-37822D681873}"
EndProject
Global
	GlobalSection(SolutionConfigurationPlatforms) = preSolution
		Debug|Any CPU = Debug|Any CPU
		Release|Any CPU = Release|Any CPU
	EndGlobalSection
	GlobalSection(ProjectConfigurationPlatforms) = postSolution
		{C0EECB55-4C20-484D-AB91-9287F72CFE4D}.Debug|Any CPU.ActiveCfg = Debug|Any CPU
		{C0EECB55-4C20-484D-AB91-9287F72CFE4D}.Debug|Any CPU.Build.0 = Debug|Any CPU
		{C0EECB55-4C20-484D-AB91-9287F72CFE4D}.Release|Any CPU.ActiveCfg = Release|Any CPU
		{C0EECB55-4C20-484D-AB91-9287F72CFE4D}.Release|Any CPU.Build.0 = Release|Any CPU
		{86BC438F-DF41-44B7-A783-27A50F29751A}.Debug|Any CPU.ActiveCfg = Debug|Any CPU
		{86BC438F-DF41-44B7-A783-27A50F29751A}.Debug|Any CPU.Build.0 = Debug|Any CPU
		{86BC438F-DF41-44B7-A783-27A50F29751A}.Release|Any CPU.ActiveCfg = Release|Any CPU
		{86BC438F-DF41-44B7-A783-27A50F29751A}.Release|Any CPU.Build.0 = Release|Any CPU
		{5E020B28-54AB-42D3-BBBD-FED73186619A}.Debug|Any CPU.ActiveCfg = Debug|Any CPU
		{5E020B28-54AB-42D3-BBBD-FED73186619A}.Debug|Any CPU.Build.0 = Debug|Any CPU
		{5E020B28-54AB-42D3-BBBD-FED73186619A}.Release|Any CPU.ActiveCfg = Release|Any CPU
		{5E020B28-54AB-42D3-BBBD-FED73186619A}.Release|Any CPU.Build.0 = Release|Any CPU
		{2C3CE3A1-9C67-4CDF-8EBE-50F213718E56}.Debug|Any CPU.ActiveCfg = Debug|Any CPU
		{2C3CE3A1-9C67-4CDF-8EBE-50F213718E56}.Debug|Any CPU.Build.0 = Debug|Any CPU
		{2C3CE3A1-9C67-4CDF-8EBE-50F213718E56}.Release|Any CPU.ActiveCfg = Release|Any CPU
		{2C3CE3A1-9C67-4CDF-8EBE-50F213718E56}.Release|Any CPU.Build.0 = Release|Any CPU
		{5F57F5F9-C2DE-4366-9645-37822D681873}.Debug|Any CPU.ActiveCfg = Debug|Any CPU
		{5F57F5F9-C2DE-4366-9645-37822D681873}.Debug|Any CPU.Build.0 = Debug|Any CPU
		{5F57F5F9-C2DE-4366-9645-37822D681873}.Release|Any CPU.ActiveCfg = Release|Any CPU
		{5F57F5F9-C2DE-4366-9645-37822D681873}.Release|Any CPU.Build.0 = Release|Any CPU
	EndGlobalSection
	GlobalSection(SolutionProperties) = preSolution
		HideSolutionNode = FALSE
	EndGlobalSection
	GlobalSection(ExtensibilityGlobals) = postSolution
		SolutionGuid = {5BFDF678-4A27-4FE8-9A64-D5C315689B82}
	EndGlobalSection
EndGlobal
